Skip to content
 
Search or jump to…

Pull requests
Issues
Marketplace
Explore
 @saranyagokulramkumar Sign out
0
0 1 anjin83/Computer-Vision-Project
 Code  Issues 0  Pull requests 0  Projects 0  Wiki  Insights
Computer-Vision-Project/Computer Vision Project/Computer Vision Project.sln
2a0522f  21 days ago
@anjin83 anjin83 initial commit
     
21 lines (20 sloc)  916 Bytes
﻿
Microsoft Visual Studio Solution File, Format Version 12.00
# Visual Studio 2012
Project("{8BC9CEB8-8B4A-11D0-8D11-00A0C91BC942}") = "Computer Vision Project", "Computer Vision Project\Computer Vision Project.vcxproj", "{533CEAE6-2251-4A17-9330-7C50809F5096}"
EndProject
Global
	GlobalSection(SolutionConfigurationPlatforms) = preSolution
		Debug|Win32 = Debug|Win32
		Release|Win32 = Release|Win32
	EndGlobalSection
	GlobalSection(ProjectConfigurationPlatforms) = postSolution
		{533CEAE6-2251-4A17-9330-7C50809F5096}.Debug|Win32.ActiveCfg = Debug|Win32
		{533CEAE6-2251-4A17-9330-7C50809F5096}.Debug|Win32.Build.0 = Debug|Win32
		{533CEAE6-2251-4A17-9330-7C50809F5096}.Release|Win32.ActiveCfg = Release|Win32
		{533CEAE6-2251-4A17-9330-7C50809F5096}.Release|Win32.Build.0 = Release|Win32
	EndGlobalSection
	GlobalSection(SolutionProperties) = preSolution
		HideSolutionNode = FALSE
	EndGlobalSection
EndGlobal
© 2018 GitHub, Inc.
Terms
Privacy
Security
Status
Help
Contact GitHub
Pricing
API
Training
Blog
About
Press h to open a hovercard with more details.
